{
  "name": "selfdocumenting",
  "version": "0.21.0",
  "lockfileVersion": 3,
  "requires": true,
  "packages": {
    "": {
      "name": "selfdocumenting",
      "version": "0.21.0",
      "license": "MIT",
      "bin": {
        "selfdoc": "bin/cli.js"
      },
      "engines": {
        "node": ">=18"
      }
    }
  }
}
