{
  "name": "selfblog",
  "version": "0.2.0",
  "lockfileVersion": 3,
  "requires": true,
  "packages": {
    "": {
      "name": "selfblog",
      "version": "0.2.0",
      "license": "MIT",
      "bin": {
        "selfblog": "bin/cli.js"
      },
      "engines": {
        "node": ">=18"
      }
    }
  }
}
